// !$*UTF8*$!
{
	archiveVersion = 1;
	classes = {
	};
	objectVersion = 55;
	objects = {

/* Begin PBXBuildFile section */
		E030F66D283F67FD00DB55F4 /* UserViewController.swift in Sources */ = {isa = PBXBuildFile; fileRef = E030F66C283F67FD00DB55F4 /* UserViewController.swift */; };
		E030F671283F686600DB55F4 /* UserImageTableViewCell.swift in Sources */ = {isa = PBXBuildFile; fileRef = E030F66F283F686600DB55F4 /* UserImageTableViewCell.swift */; };
		E030F672283F686600DB55F4 /* UserImageTableViewCell.xib in Resources */ = {isa = PBXBuildFile; fileRef = E030F670283F686600DB55F4 /* UserImageTableViewCell.xib */; };
		E030F675283F688A00DB55F4 /* JobExperienceTableViewCell.swift in Sources */ = {isa = PBXBuildFile; fileRef = E030F673283F688A00DB55F4 /* JobExperienceTableViewCell.swift */; };
		E030F676283F688A00DB55F4 /* JobExperienceTableViewCell.xib in Resources */ = {isa = PBXBuildFile; fileRef = E030F674283F688A00DB55F4 /* JobExperienceTableViewCell.xib */; };
		E030F67D283F694F00DB55F4 /* RateTableViewCell.swift in Sources */ = {isa = PBXBuildFile; fileRef = E030F67B283F694F00DB55F4 /* RateTableViewCell.swift */; };
		E030F67E283F694F00DB55F4 /* RateTableViewCell.xib in Resources */ = {isa = PBXBuildFile; fileRef = E030F67C283F694F00DB55F4 /* RateTableViewCell.xib */; };
		E030F681283F6AE900DB55F4 /* Extension.swift in Sources */ = {isa = PBXBuildFile; fileRef = E030F680283F6AE900DB55F4 /* Extension.swift */; };
		E030F684283F6BFE00DB55F4 /* Job.swift in Sources */ = {isa = PBXBuildFile; fileRef = E030F683283F6BFE00DB55F4 /* Job.swift */; };
		E030F687283F6D9800DB55F4 /* SkillsTableViewCell.swift in Sources */ = {isa = PBXBuildFile; fileRef = E030F685283F6D9800DB55F4 /* SkillsTableViewCell.swift */; };
		E030F688283F6D9800DB55F4 /* SkillsTableViewCell.xib in Resources */ = {isa = PBXBuildFile; fileRef = E030F686283F6D9800DB55F4 /* SkillsTableViewCell.xib */; };
		E030F68B283F6DBB00DB55F4 /* ExperienceTableViewCell.swift in Sources */ = {isa = PBXBuildFile; fileRef = E030F689283F6DBB00DB55F4 /* ExperienceTableViewCell.swift */; };
		E030F68C283F6DBB00DB55F4 /* ExperienceTableViewCell.xib in Resources */ = {isa = PBXBuildFile; fileRef = E030F68A283F6DBB00DB55F4 /* ExperienceTableViewCell.xib */; };
		E0E421F027A967D6008EAE0C /* AppDelegate.swift in Sources */ = {isa = PBXBuildFile; fileRef = E0E421EF27A967D6008EAE0C /* AppDelegate.swift */; };
		E0E421F227A967D6008EAE0C /* SceneDelegate.swift in Sources */ = {isa = PBXBuildFile; fileRef = E0E421F127A967D6008EAE0C /* SceneDelegate.swift */; };
		E0E421F727A967D6008EAE0C /* Main.storyboard in Resources */ = {isa = PBXBuildFile; fileRef = E0E421F527A967D6008EAE0C /* Main.storyboard */; };
		E0E421F927A967DB008EAE0C /* Assets.xcassets in Resources */ = {isa = PBXBuildFile; fileRef = E0E421F827A967DB008EAE0C /* Assets.xcassets */; };
		E0E421FC27A967DB008EAE0C /* LaunchScreen.storyboard in Resources */ = {isa = PBXBuildFile; fileRef = E0E421FA27A967DB008EAE0C /* LaunchScreen.storyboard */; };
		E0E4223C27A97321008EAE0C /* Roboto-MediumItalic.ttf in Resources */ = {isa = PBXBuildFile; fileRef = E0E4222A27A97320008EAE0C /* Roboto-MediumItalic.ttf */; };
		E0E4223D27A97321008EAE0C /* Roboto-ThinItalic.ttf in Resources */ = {isa = PBXBuildFile; fileRef = E0E4222B27A97320008EAE0C /* Roboto-ThinItalic.ttf */; };
		E0E4223E27A97321008EAE0C /* RobotoCondensed-Light.ttf in Resources */ = {isa = PBXBuildFile; fileRef = E0E4222C27A97320008EAE0C /* RobotoCondensed-Light.ttf */; };
		E0E4223F27A97321008EAE0C /* Roboto-Regular.ttf in Resources */ = {isa = PBXBuildFile; fileRef = E0E4222D27A97320008EAE0C /* Roboto-Regular.ttf */; };
		E0E4224027A97321008EAE0C /* Roboto-BlackItalic.ttf in Resources */ = {isa = PBXBuildFile; fileRef = E0E4222E27A97320008EAE0C /* Roboto-BlackItalic.ttf */; };
		E0E4224127A97321008EAE0C /* RobotoCondensed-Italic.ttf in Resources */ = {isa = PBXBuildFile; fileRef = E0E4222F27A97320008EAE0C /* RobotoCondensed-Italic.ttf */; };
		E0E4224227A97321008EAE0C /* RobotoCondensed-Regular.ttf in Resources */ = {isa = PBXBuildFile; fileRef = E0E4223027A97320008EAE0C /* RobotoCondensed-Regular.ttf */; };
		E0E4224327A97321008EAE0C /* Roboto-LightItalic.ttf in Resources */ = {isa = PBXBuildFile; fileRef = E0E4223127A97320008EAE0C /* Roboto-LightItalic.ttf */; };
		E0E4224427A97321008EAE0C /* Roboto-Black.ttf in Resources */ = {isa = PBXBuildFile; fileRef = E0E4223227A97320008EAE0C /* Roboto-Black.ttf */; };
		E0E4224527A97321008EAE0C /* RobotoCondensed-BoldItalic.ttf in Resources */ = {isa = PBXBuildFile; fileRef = E0E4223327A97320008EAE0C /* RobotoCondensed-BoldItalic.ttf */; };
		E0E4224627A97321008EAE0C /* Roboto-Medium.ttf in Resources */ = {isa = PBXBuildFile; fileRef = E0E4223427A97320008EAE0C /* Roboto-Medium.ttf */; };
		E0E4224727A97321008EAE0C /* Roboto-Italic.ttf in Resources */ = {isa = PBXBuildFile; fileRef = E0E4223527A97320008EAE0C /* Roboto-Italic.ttf */; };
		E0E4224827A97321008EAE0C /* RobotoCondensed-Bold.ttf in Resources */ = {isa = PBXBuildFile; fileRef = E0E4223627A97320008EAE0C /* RobotoCondensed-Bold.ttf */; };
		E0E4224927A97321008EAE0C /* Roboto-BoldItalic.ttf in Resources */ = {isa = PBXBuildFile; fileRef = E0E4223727A97320008EAE0C /* Roboto-BoldItalic.ttf */; };
		E0E4224A27A97321008EAE0C /* Roboto-Light.ttf in Resources */ = {isa = PBXBuildFile; fileRef = E0E4223827A97320008EAE0C /* Roboto-Light.ttf */; };
		E0E4224B27A97321008EAE0C /* Roboto-Thin.ttf in Resources */ = {isa = PBXBuildFile; fileRef = E0E4223927A97320008EAE0C /* Roboto-Thin.ttf */; };
		E0E4224C27A97321008EAE0C /* RobotoCondensed-LightItalic.ttf in Resources */ = {isa = PBXBuildFile; fileRef = E0E4223A27A97321008EAE0C /* RobotoCondensed-LightItalic.ttf */; };
		E0E4224D27A97321008EAE0C /* Roboto-Bold.ttf in Resources */ = {isa = PBXBuildFile; fileRef = E0E4223B27A97321008EAE0C /* Roboto-Bold.ttf */; };
/* End PBXBuildFile section */

/* Begin PBXFileReference section */
		E030F66C283F67FD00DB55F4 /* UserViewController.swift */ = {isa = PBXFileReference; lastKnownFileType = sourcecode.swift; path = UserViewController.swift; sourceTree = "<group>"; };
		E030F66F283F686600DB55F4 /* UserImageTableViewCell.swift */ = {isa = PBXFileReference; lastKnownFileType = sourcecode.swift; path = UserImageTableViewCell.swift; sourceTree = "<group>"; };
		E030F670283F686600DB55F4 /* UserImageTableViewCell.xib */ = {isa = PBXFileReference; lastKnownFileType = file.xib; path = UserImageTableViewCell.xib; sourceTree = "<group>"; };
		E030F673283F688A00DB55F4 /* JobExperienceTableViewCell.swift */ = {isa = PBXFileReference; lastKnownFileType = sourcecode.swift; path = JobExperienceTableViewCell.swift; sourceTree = "<group>"; };
		E030F674283F688A00DB55F4 /* JobExperienceTableViewCell.xib */ = {isa = PBXFileReference; lastKnownFileType = file.xib; path = JobExperienceTableViewCell.xib; sourceTree = "<group>"; };
		E030F67B283F694F00DB55F4 /* RateTableViewCell.swift */ = {isa = PBXFileReference; lastKnownFileType = sourcecode.swift; path = RateTableViewCell.swift; sourceTree = "<group>"; };
		E030F67C283F694F00DB55F4 /* RateTableViewCell.xib */ = {isa = PBXFileReference; lastKnownFileType = file.xib; path = RateTableViewCell.xib; sourceTree = "<group>"; };
		E030F680283F6AE900DB55F4 /* Extension.swift */ = {isa = PBXFileReference; lastKnownFileType = sourcecode.swift; path = Extension.swift; sourceTree = "<group>"; };
		E030F683283F6BFE00DB55F4 /* Job.swift */ = {isa = PBXFileReference; lastKnownFileType = sourcecode.swift; path = Job.swift; sourceTree = "<group>"; };
		E030F685283F6D9800DB55F4 /* SkillsTableViewCell.swift */ = {isa = PBXFileReference; lastKnownFileType = sourcecode.swift; path = SkillsTableViewCell.swift; sourceTree = "<group>"; };
		E030F686283F6D9800DB55F4 /* SkillsTableViewCell.xib */ = {isa = PBXFileReference; lastKnownFileType = file.xib; path = SkillsTableViewCell.xib; sourceTree = "<group>"; };
		E030F689283F6DBB00DB55F4 /* ExperienceTableViewCell.swift */ = {isa = PBXFileReference; lastKnownFileType = sourcecode.swift; path = ExperienceTableViewCell.swift; sourceTree = "<group>"; };
		E030F68A283F6DBB00DB55F4 /* ExperienceTableViewCell.xib */ = {isa = PBXFileReference; lastKnownFileType = file.xib; path = ExperienceTableViewCell.xib; sourceTree = "<group>"; };
		E0E421EC27A967D6008EAE0C /* 12UI.app */ = {isa = PBXFileReference; explicitFileType = wrapper.application; includeInIndex = 0; path = 12UI.app; sourceTree = BUILT_PRODUCTS_DIR; };
		E0E421EF27A967D6008EAE0C /* AppDelegate.swift */ = {isa = PBXFileReference; lastKnownFileType = sourcecode.swift; path = AppDelegate.swift; sourceTree = "<group>"; };
		E0E421F127A967D6008EAE0C /* SceneDelegate.swift */ = {isa = PBXFileReference; lastKnownFileType = sourcecode.swift; path = SceneDelegate.swift; sourceTree = "<group>"; };
		E0E421F627A967D6008EAE0C /* Base */ = {isa = PBXFileReference; lastKnownFileType = file.storyboard; name = Base; path = Base.lproj/Main.storyboard; sourceTree = "<group>"; };
		E0E421F827A967DB008EAE0C /* Assets.xcassets */ = {isa = PBXFileReference; lastKnownFileType = folder.assetcatalog; path = Assets.xcassets; sourceTree = "<group>"; };
		E0E421FB27A967DB008EAE0C /* Base */ = {isa = PBXFileReference; lastKnownFileType = file.storyboard; name = Base; path = Base.lproj/LaunchScreen.storyboard; sourceTree = "<group>"; };
		E0E421FD27A967DB008EAE0C /* Info.plist */ = {isa = PBXFileReference; lastKnownFileType = text.plist.xml; path = Info.plist; sourceTree = "<group>"; };
		E0E4222A27A97320008EAE0C /* Roboto-MediumItalic.ttf */ = {isa = PBXFileReference; lastKnownFileType = file; name = "Roboto-MediumItalic.ttf"; path = "../../../../../../../../Downloads/roboto-2/Roboto-MediumItalic.ttf"; sourceTree = "<group>"; };
		E0E4222B27A97320008EAE0C /* Roboto-ThinItalic.ttf */ = {isa = PBXFileReference; lastKnownFileType = file; name = "Roboto-ThinItalic.ttf"; path = "../../../../../../../../Downloads/roboto-2/Roboto-ThinItalic.ttf"; sourceTree = "<group>"; };
		E0E4222C27A97320008EAE0C /* RobotoCondensed-Light.ttf */ = {isa = PBXFileReference; lastKnownFileType = file; name = "RobotoCondensed-Light.ttf"; path = "../../../../../../../../Downloads/roboto-2/RobotoCondensed-Light.ttf"; sourceTree = "<group>"; };
		E0E4222D27A97320008EAE0C /* Roboto-Regular.ttf */ = {isa = PBXFileReference; lastKnownFileType = file; name = "Roboto-Regular.ttf"; path = "../../../../../../../../Downloads/roboto-2/Roboto-Regular.ttf"; sourceTree = "<group>"; };
		E0E4222E27A97320008EAE0C /* Roboto-BlackItalic.ttf */ = {isa = PBXFileReference; lastKnownFileType = file; name = "Roboto-BlackItalic.ttf"; path = "../../../../../../../../Downloads/roboto-2/Roboto-BlackItalic.ttf"; sourceTree = "<group>"; };
		E0E4222F27A97320008EAE0C /* RobotoCondensed-Italic.ttf */ = {isa = PBXFileReference; lastKnownFileType = file; name = "RobotoCondensed-Italic.ttf"; path = "../../../../../../../../Downloads/roboto-2/RobotoCondensed-Italic.ttf"; sourceTree = "<group>"; };
		E0E4223027A97320008EAE0C /* RobotoCondensed-Regular.ttf */ = {isa = PBXFileReference; lastKnownFileType = file; name = "RobotoCondensed-Regular.ttf"; path = "../../../../../../../../Downloads/roboto-2/RobotoCondensed-Regular.ttf"; sourceTree = "<group>"; };
		E0E4223127A97320008EAE0C /* Roboto-LightItalic.ttf */ = {isa = PBXFileReference; lastKnownFileType = file; name = "Roboto-LightItalic.ttf"; path = "../../../../../../../../Downloads/roboto-2/Roboto-LightItalic.ttf"; sourceTree = "<group>"; };
		E0E4223227A97320008EAE0C /* Roboto-Black.ttf */ = {isa = PBXFileReference; lastKnownFileType = file; name = "Roboto-Black.ttf"; path = "../../../../../../../../Downloads/roboto-2/Roboto-Black.ttf"; sourceTree = "<group>"; };
		E0E4223327A97320008EAE0C /* RobotoCondensed-BoldItalic.ttf */ = {isa = PBXFileReference; lastKnownFileType = file; name = "RobotoCondensed-BoldItalic.ttf"; path = "../../../../../../../../Downloads/roboto-2/RobotoCondensed-BoldItalic.ttf"; sourceTree = "<group>"; };
		E0E4223427A97320008EAE0C /* Roboto-Medium.ttf */ = {isa = PBXFileReference; lastKnownFileType = file; name = "Roboto-Medium.ttf"; path = "../../../../../../../../Downloads/roboto-2/Roboto-Medium.ttf"; sourceTree = "<group>"; };
		E0E4223527A97320008EAE0C /* Roboto-Italic.ttf */ = {isa = PBXFileReference; lastKnownFileType = file; name = "Roboto-Italic.ttf"; path = "../../../../../../../../Downloads/roboto-2/Roboto-Italic.ttf"; sourceTree = "<group>"; };
		E0E4223627A97320008EAE0C /* RobotoCondensed-Bold.ttf */ = {isa = PBXFileReference; lastKnownFileType = file; name = "RobotoCondensed-Bold.ttf"; path = "../../../../../../../../Downloads/roboto-2/RobotoCondensed-Bold.ttf"; sourceTree = "<group>"; };
		E0E4223727A97320008EAE0C /* Roboto-BoldItalic.ttf */ = {isa = PBXFileReference; lastKnownFileType = file; name = "Roboto-BoldItalic.ttf"; path = "../../../../../../../../Downloads/roboto-2/Roboto-BoldItalic.ttf"; sourceTree = "<group>"; };
		E0E4223827A97320008EAE0C /* Roboto-Light.ttf */ = {isa = PBXFileReference; lastKnownFileType = file; name = "Roboto-Light.ttf"; path = "../../../../../../../../Downloads/roboto-2/Roboto-Light.ttf"; sourceTree = "<group>"; };
		E0E4223927A97320008EAE0C /* Roboto-Thin.ttf */ = {isa = PBXFileReference; lastKnownFileType = file; name = "Roboto-Thin.ttf"; path = "../../../../../../../../Downloads/roboto-2/Roboto-Thin.ttf"; sourceTree = "<group>"; };
		E0E4223A27A97321008EAE0C /* RobotoCondensed-LightItalic.ttf */ = {isa = PBXFileReference; lastKnownFileType = file; name = "RobotoCondensed-LightItalic.ttf"; path = "../../../../../../../../Downloads/roboto-2/RobotoCondensed-LightItalic.ttf"; sourceTree = "<group>"; };
		E0E4223B27A97321008EAE0C /* Roboto-Bold.ttf */ = {isa = PBXFileReference; lastKnownFileType = file; name = "Roboto-Bold.ttf"; path = "../../../../../../../../Downloads/roboto-2/Roboto-Bold.ttf"; sourceTree = "<group>"; };
/* End PBXFileReference section */

/* Begin PBXFrameworksBuildPhase section */
		E0E421E927A967D6008EAE0C /* Frameworks */ = {
			isa = PBXFrameworksBuildPhase;
			buildActionMask = 2147483647;
			files = (
			);
			runOnlyForDeploymentPostprocessing = 0;
		};
/* End PBXFrameworksBuildPhase section */

/* Begin PBXGroup section */
		E030F66B283F67D500DB55F4 /* Controllers */ = {
			isa = PBXGroup;
			children = (
				E030F66C283F67FD00DB55F4 /* UserViewController.swift */,
			);
			path = Controllers;
			sourceTree = "<group>";
		};
		E030F66E283F683400DB55F4 /* Cells */ = {
			isa = PBXGroup;
			children = (
				E030F66F283F686600DB55F4 /* UserImageTableViewCell.swift */,
				E030F670283F686600DB55F4 /* UserImageTableViewCell.xib */,
				E030F673283F688A00DB55F4 /* JobExperienceTableViewCell.swift */,
				E030F674283F688A00DB55F4 /* JobExperienceTableViewCell.xib */,
				E030F67B283F694F00DB55F4 /* RateTableViewCell.swift */,
				E030F67C283F694F00DB55F4 /* RateTableViewCell.xib */,
				E030F685283F6D9800DB55F4 /* SkillsTableViewCell.swift */,
				E030F686283F6D9800DB55F4 /* SkillsTableViewCell.xib */,
				E030F689283F6DBB00DB55F4 /* ExperienceTableViewCell.swift */,
				E030F68A283F6DBB00DB55F4 /* ExperienceTableViewCell.xib */,
			);
			path = Cells;
			sourceTree = "<group>";
		};
		E030F67F283F6AD200DB55F4 /* Extension */ = {
			isa = PBXGroup;
			children = (
				E030F680283F6AE900DB55F4 /* Extension.swift */,
			);
			path = Extension;
			sourceTree = "<group>";
		};
		E030F682283F6BAE00DB55F4 /* Models */ = {
			isa = PBXGroup;
			children = (
				E030F683283F6BFE00DB55F4 /* Job.swift */,
			);
			path = Models;
			sourceTree = "<group>";
		};
		E0E421E327A967D6008EAE0C = {
			isa = PBXGroup;
			children = (
				E0E421EE27A967D6008EAE0C /* 12UI */,
				E0E421ED27A967D6008EAE0C /* Products */,
			);
			sourceTree = "<group>";
		};
		E0E421ED27A967D6008EAE0C /* Products */ = {
			isa = PBXGroup;
			children = (
				E0E421EC27A967D6008EAE0C /* 12UI.app */,
			);
			name = Products;
			sourceTree = "<group>";
		};
		E0E421EE27A967D6008EAE0C /* 12UI */ = {
			isa = PBXGroup;
			children = (
				E030F682283F6BAE00DB55F4 /* Models */,
				E030F67F283F6AD200DB55F4 /* Extension */,
				E030F66E283F683400DB55F4 /* Cells */,
				E030F66B283F67D500DB55F4 /* Controllers */,
				E0E421EF27A967D6008EAE0C /* AppDelegate.swift */,
				E0E421F127A967D6008EAE0C /* SceneDelegate.swift */,
				E0E421F527A967D6008EAE0C /* Main.storyboard */,
				E0E421F827A967DB008EAE0C /* Assets.xcassets */,
				E0E421FA27A967DB008EAE0C /* LaunchScreen.storyboard */,
				E0E421FD27A967DB008EAE0C /* Info.plist */,
				E0E4222927A972D0008EAE0C /* fonts */,
			);
			path = 12UI;
			sourceTree = "<group>";
		};
		E0E4222927A972D0008EAE0C /* fonts */ = {
			isa = PBXGroup;
			children = (
				E0E4223227A97320008EAE0C /* Roboto-Black.ttf */,
				E0E4222E27A97320008EAE0C /* Roboto-BlackItalic.ttf */,
				E0E4223B27A97321008EAE0C /* Roboto-Bold.ttf */,
				E0E4223727A97320008EAE0C /* Roboto-BoldItalic.ttf */,
				E0E4223527A97320008EAE0C /* Roboto-Italic.ttf */,
				E0E4223827A97320008EAE0C /* Roboto-Light.ttf */,
				E0E4223127A97320008EAE0C /* Roboto-LightItalic.ttf */,
				E0E4223427A97320008EAE0C /* Roboto-Medium.ttf */,
				E0E4222A27A97320008EAE0C /* Roboto-MediumItalic.ttf */,
				E0E4222D27A97320008EAE0C /* Roboto-Regular.ttf */,
				E0E4223927A97320008EAE0C /* Roboto-Thin.ttf */,
				E0E4222B27A97320008EAE0C /* Roboto-ThinItalic.ttf */,
				E0E4223627A97320008EAE0C /* RobotoCondensed-Bold.ttf */,
				E0E4223327A97320008EAE0C /* RobotoCondensed-BoldItalic.ttf */,
				E0E4222F27A97320008EAE0C /* RobotoCondensed-Italic.ttf */,
				E0E4222C27A97320008EAE0C /* RobotoCondensed-Light.ttf */,
				E0E4223A27A97321008EAE0C /* RobotoCondensed-LightItalic.ttf */,
				E0E4223027A97320008EAE0C /* RobotoCondensed-Regular.ttf */,
			);
			path = fonts;
			sourceTree = "<group>";
		};
/* End PBXGroup section */

/* Begin PBXNativeTarget section */
		E0E421EB27A967D6008EAE0C /* 12UI */ = {
			isa = PBXNativeTarget;
			buildConfigurationList = E0E4220027A967DB008EAE0C /* Build configuration list for PBXNativeTarget "12UI" */;
			buildPhases = (
				E0E421E827A967D6008EAE0C /* Sources */,
				E0E421E927A967D6008EAE0C /* Frameworks */,
				E0E421EA27A967D6008EAE0C /* Resources */,
			);
			buildRules = (
			);
			dependencies = (
			);
			name = 12UI;
			productName = 12UI;
			productReference = E0E421EC27A967D6008EAE0C /* 12UI.app */;
			productType = "com.apple.product-type.application";
		};
/* End PBXNativeTarget section */

/* Begin PBXProject section */
		E0E421E427A967D6008EAE0C /* Project object */ = {
			isa = PBXProject;
			attributes = {
				BuildIndependentTargetsInParallel = 1;
				LastSwiftUpdateCheck = 1320;
				LastUpgradeCheck = 1320;
				TargetAttributes = {
					E0E421EB27A967D6008EAE0C = {
						CreatedOnToolsVersion = 13.2.1;
					};
				};
			};
			buildConfigurationList = E0E421E727A967D6008EAE0C /* Build configuration list for PBXProject "12UI" */;
			compatibilityVersion = "Xcode 13.0";
			developmentRegion = en;
			hasScannedForEncodings = 0;
			knownRegions = (
				en,
				Base,
			);
			mainGroup = E0E421E327A967D6008EAE0C;
			productRefGroup = E0E421ED27A967D6008EAE0C /* Products */;
			projectDirPath = "";
			projectRoot = "";
			targets = (
				E0E421EB27A967D6008EAE0C /* 12UI */,
			);
		};
/* End PBXProject section */

/* Begin PBXResourcesBuildPhase section */
		E0E421EA27A967D6008EAE0C /* Resources */ = {
			isa = PBXResourcesBuildPhase;
			buildActionMask = 2147483647;
			files = (
				E030F672283F686600DB55F4 /* UserImageTableViewCell.xib in Resources */,
				E0E4224927A97321008EAE0C /* Roboto-BoldItalic.ttf in Resources */,
				E0E4224527A97321008EAE0C /* RobotoCondensed-BoldItalic.ttf in Resources */,
				E0E4224C27A97321008EAE0C /* RobotoCondensed-LightItalic.ttf in Resources */,
				E0E4223D27A97321008EAE0C /* Roboto-ThinItalic.ttf in Resources */,
				E0E4224327A97321008EAE0C /* Roboto-LightItalic.ttf in Resources */,
				E0E4223F27A97321008EAE0C /* Roboto-Regular.ttf in Resources */,
				E0E4223C27A97321008EAE0C /* Roboto-MediumItalic.ttf in Resources */,
				E0E421FC27A967DB008EAE0C /* LaunchScreen.storyboard in Resources */,
				E0E421F927A967DB008EAE0C /* Assets.xcassets in Resources */,
				E0E4224A27A97321008EAE0C /* Roboto-Light.ttf in Resources */,
				E0E4224727A97321008EAE0C /* Roboto-Italic.ttf in Resources */,
				E0E4224127A97321008EAE0C /* RobotoCondensed-Italic.ttf in Resources */,
				E030F68C283F6DBB00DB55F4 /* ExperienceTableViewCell.xib in Resources */,
				E030F67E283F694F00DB55F4 /* RateTableViewCell.xib in Resources */,
				E0E4223E27A97321008EAE0C /* RobotoCondensed-Light.ttf in Resources */,
				E0E4224827A97321008EAE0C /* RobotoCondensed-Bold.ttf in Resources */,
				E0E4224D27A97321008EAE0C /* Roboto-Bold.ttf in Resources */,
				E030F688283F6D9800DB55F4 /* SkillsTableViewCell.xib in Resources */,
				E0E421F727A967D6008EAE0C /* Main.storyboard in Resources */,
				E0E4224B27A97321008EAE0C /* Roboto-Thin.ttf in Resources */,
				E030F676283F688A00DB55F4 /* JobExperienceTableViewCell.xib in Resources */,
				E0E4224627A97321008EAE0C /* Roboto-Medium.ttf in Resources */,
				E0E4224227A97321008EAE0C /* RobotoCondensed-Regular.ttf in Resources */,
				E0E4224027A97321008EAE0C /* Roboto-BlackItalic.ttf in Resources */,
				E0E4224427A97321008EAE0C /* Roboto-Black.ttf in Resources */,
			);
			runOnlyForDeploymentPostprocessing = 0;
		};
/* End PBXResourcesBuildPhase section */

/* Begin PBXSourcesBuildPhase section */
		E0E421E827A967D6008EAE0C /* Sources */ = {
			isa = PBXSourcesBuildPhase;
			buildActionMask = 2147483647;
			files = (
				E030F681283F6AE900DB55F4 /* Extension.swift in Sources */,
				E030F67D283F694F00DB55F4 /* RateTableViewCell.swift in Sources */,
				E030F671283F686600DB55F4 /* UserImageTableViewCell.swift in Sources */,
				E030F687283F6D9800DB55F4 /* SkillsTableViewCell.swift in Sources */,
				E030F66D283F67FD00DB55F4 /* UserViewController.swift in Sources */,
				E0E421F027A967D6008EAE0C /* AppDelegate.swift in Sources */,
				E030F675283F688A00DB55F4 /* JobExperienceTableViewCell.swift in Sources */,
				E030F68B283F6DBB00DB55F4 /* ExperienceTableViewCell.swift in Sources */,
				E0E421F227A967D6008EAE0C /* SceneDelegate.swift in Sources */,
				E030F684283F6BFE00DB55F4 /* Job.swift in Sources */,
			);
			runOnlyForDeploymentPostprocessing = 0;
		};
/* End PBXSourcesBuildPhase section */

/* Begin PBXVariantGroup section */
		E0E421F527A967D6008EAE0C /* Main.storyboard */ = {
			isa = PBXVariantGroup;
			children = (
				E0E421F627A967D6008EAE0C /* Base */,
			);
			name = Main.storyboard;
			sourceTree = "<group>";
		};
		E0E421FA27A967DB008EAE0C /* LaunchScreen.storyboard */ = {
			isa = PBXVariantGroup;
			children = (
				E0E421FB27A967DB008EAE0C /* Base */,
			);
			name = LaunchScreen.storyboard;
			sourceTree = "<group>";
		};
/* End PBXVariantGroup section */

/* Begin XCBuildConfiguration section */
		E0E421FE27A967DB008EAE0C /* Debug */ = {
			isa = XCBuildConfiguration;
			buildSettings = {
				ALWAYS_SEARCH_USER_PATHS = NO;
				CLANG_ANALYZER_NONNULL = YES;
				CLANG_ANALYZER_NUMBER_OBJECT_CONVERSION = YES_AGGRESSIVE;
				CLANG_CXX_LANGUAGE_STANDARD = "gnu++17";
				CLANG_CXX_LIBRARY = "libc++";
				CLANG_ENABLE_MODULES = YES;
				CLANG_ENABLE_OBJC_ARC = YES;
				CLANG_ENABLE_OBJC_WEAK = YES;
				CLANG_WARN_BLOCK_CAPTURE_AUTORELEASING = YES;
				CLANG_WARN_BOOL_CONVERSION = YES;
				CLANG_WARN_COMMA = YES;
				CLANG_WARN_CONSTANT_CONVERSION = YES;
				CLANG_WARN_DEPRECATED_OBJC_IMPLEMENTATIONS = YES;
				CLANG_WARN_DIRECT_OBJC_ISA_USAGE = YES_ERROR;
				CLANG_WARN_DOCUMENTATION_COMMENTS = YES;
				CLANG_WARN_EMPTY_BODY = YES;
				CLANG_WARN_ENUM_CONVERSION = YES;
				CLANG_WARN_INFINITE_RECURSION = YES;
				CLANG_WARN_INT_CONVERSION = YES;
				CLANG_WARN_NON_LITERAL_NULL_CONVERSION = YES;
				CLANG_WARN_OBJC_IMPLICIT_RETAIN_SELF = YES;
				CLANG_WARN_OBJC_LITERAL_CONVERSION = YES;
				CLANG_WARN_OBJC_ROOT_CLASS = YES_ERROR;
				CLANG_WARN_QUOTED_INCLUDE_IN_FRAMEWORK_HEADER = YES;
				CLANG_WARN_RANGE_LOOP_ANALYSIS = YES;
				CLANG_WARN_STRICT_PROTOTYPES = YES;
				CLANG_WARN_SUSPICIOUS_MOVE = YES;
				CLANG_WARN_UNGUARDED_AVAILABILITY = YES_AGGRESSIVE;
				CLANG_WARN_UNREACHABLE_CODE = YES;
				CLANG_WARN__DUPLICATE_METHOD_MATCH = YES;
				COPY_PHASE_STRIP = NO;
				DEBUG_INFORMATION_FORMAT = dwarf;
				ENABLE_STRICT_OBJC_MSGSEND = YES;
				ENABLE_TESTABILITY = YES;
				GCC_C_LANGUAGE_STANDARD = gnu11;
				GCC_DYNAMIC_NO_PIC = NO;
				GCC_NO_COMMON_BLOCKS = YES;
				GCC_OPTIMIZATION_LEVEL = 0;
				GCC_PREPROCESSOR_DEFINITIONS = (
					"DEBUG=1",
					"$(inherited)",
				);
				GCC_WARN_64_TO_32_BIT_CONVERSION = YES;
				GCC_WARN_ABOUT_RETURN_TYPE = YES_ERROR;
				GCC_WARN_UNDECLARED_SELECTOR = YES;
				GCC_WARN_UNINITIALIZED_AUTOS = YES_AGGRESSIVE;
				GCC_WARN_UNUSED_FUNCTION = YES;
				GCC_WARN_UNUSED_VARIABLE = YES;
				IPHONEOS_DEPLOYMENT_TARGET = 15.2;
				MTL_ENABLE_DEBUG_INFO = INCLUDE_SOURCE;
				MTL_FAST_MATH = YES;
				ONLY_ACTIVE_ARCH = YES;
				SDKROOT = iphoneos;
				SWIFT_ACTIVE_COMPILATION_CONDITIONS = DEBUG;
				SWIFT_OPTIMIZATION_LEVEL = "-Onone";
			};
			name = Debug;
		};
		E0E421FF27A967DB008EAE0C /* Release */ = {
			isa = XCBuildConfiguration;
			buildSettings = {
				ALWAYS_SEARCH_USER_PATHS = NO;
				CLANG_ANALYZER_NONNULL = YES;
				CLANG_ANALYZER_NUMBER_OBJECT_CONVERSION = YES_AGGRESSIVE;
				CLANG_CXX_LANGUAGE_STANDARD = "gnu++17";
				CLANG_CXX_LIBRARY = "libc++";
				CLANG_ENABLE_MODULES = YES;
				CLANG_ENABLE_OBJC_ARC = YES;
				CLANG_ENABLE_OBJC_WEAK = YES;
				CLANG_WARN_BLOCK_CAPTURE_AUTORELEASING = YES;
				CLANG_WARN_BOOL_CONVERSION = YES;
				CLANG_WARN_COMMA = YES;
				CLANG_WARN_CONSTANT_CONVERSION = YES;
				CLANG_WARN_DEPRECATED_OBJC_IMPLEMENTATIONS = YES;
				CLANG_WARN_DIRECT_OBJC_ISA_USAGE = YES_ERROR;
				CLANG_WARN_DOCUMENTATION_COMMENTS = YES;
				CLANG_WARN_EMPTY_BODY = YES;
				CLANG_WARN_ENUM_CONVERSION = YES;
				CLANG_WARN_INFINITE_RECURSION = YES;
				CLANG_WARN_INT_CONVERSION = YES;
				CLANG_WARN_NON_LITERAL_NULL_CONVERSION = YES;
				CLANG_WARN_OBJC_IMPLICIT_RETAIN_SELF = YES;
				CLANG_WARN_OBJC_LITERAL_CONVERSION = YES;
				CLANG_WARN_OBJC_ROOT_CLASS = YES_ERROR;
				CLANG_WARN_QUOTED_INCLUDE_IN_FRAMEWORK_HEADER = YES;
				CLANG_WARN_RANGE_LOOP_ANALYSIS = YES;
				CLANG_WARN_STRICT_PROTOTYPES = YES;
				CLANG_WARN_SUSPICIOUS_MOVE = YES;
				CLANG_WARN_UNGUARDED_AVAILABILITY = YES_AGGRESSIVE;
				CLANG_WARN_UNREACHABLE_CODE = YES;
				CLANG_WARN__DUPLICATE_METHOD_MATCH = YES;
				COPY_PHASE_STRIP = NO;
				DEBUG_INFORMATION_FORMAT = "dwarf-with-dsym";
				ENABLE_NS_ASSERTIONS = NO;
				ENABLE_STRICT_OBJC_MSGSEND = YES;
				GCC_C_LANGUAGE_STANDARD = gnu11;
				GCC_NO_COMMON_BLOCKS = YES;
				GCC_WARN_64_TO_32_BIT_CONVERSION = YES;
				GCC_WARN_ABOUT_RETURN_TYPE = YES_ERROR;
				GCC_WARN_UNDECLARED_SELECTOR = YES;
				GCC_WARN_UNINITIALIZED_AUTOS = YES_AGGRESSIVE;
				GCC_WARN_UNUSED_FUNCTION = YES;
				GCC_WARN_UNUSED_VARIABLE = YES;
				IPHONEOS_DEPLOYMENT_TARGET = 15.2;
				MTL_ENABLE_DEBUG_INFO = NO;
				MTL_FAST_MATH = YES;
				SDKROOT = iphoneos;
				SWIFT_COMPILATION_MODE = wholemodule;
				SWIFT_OPTIMIZATION_LEVEL = "-O";
				VALIDATE_PRODUCT = YES;
			};
			name = Release;
		};
		E0E4220127A967DB008EAE0C /* Debug */ = {
			isa = XCBuildConfiguration;
			buildSettings = {
				ASSETCATALOG_COMPILER_APPICON_NAME = AppIcon;
				ASSETCATALOG_COMPILER_GLOBAL_ACCENT_COLOR_NAME = AccentColor;
				CODE_SIGN_STYLE = Automatic;
				CURRENT_PROJECT_VERSION = 1;
				DEVELOPMENT_TEAM = V2258T793G;
				GENERATE_INFOPLIST_FILE = YES;
				INFOPLIST_FILE = 12UI/Info.plist;
				INFOPLIST_KEY_UIApplicationSupportsIndirectInputEvents = YES;
				INFOPLIST_KEY_UILaunchStoryboardName = LaunchScreen;
				INFOPLIST_KEY_UIMainStoryboardFile = Main;
				INFOPLIST_KEY_UISupportedInterfaceOrientations_iPad = "UIInterfaceOrientationPortrait UIInterfaceOrientationPortraitUpsideDown UIInterfaceOrientationLandscapeLeft UIInterfaceOrientationLandscapeRight";
				INFOPLIST_KEY_UISupportedInterfaceOrientations_iPhone = "UIInterfaceOrientationPortrait UIInterfaceOrientationLandscapeLeft UIInterfaceOrientationLandscapeRight";
				LD_RUNPATH_SEARCH_PATHS = (
					"$(inherited)",
					"@executable_path/Frameworks",
				);
				MARKETING_VERSION = 1.0;
				PRODUCT_BUNDLE_IDENTIFIER = "ua.bmtechua.-2UI";
				PRODUCT_NAME = "$(TARGET_NAME)";
				SWIFT_EMIT_LOC_STRINGS = YES;
				SWIFT_VERSION = 5.0;
				TARGETED_DEVICE_FAMILY = "1,2";
			};
			name = Debug;
		};
		E0E4220227A967DB008EAE0C /* Release */ = {
			isa = XCBuildConfiguration;
			buildSettings = {
				ASSETCATALOG_COMPILER_APPICON_NAME = AppIcon;
				ASSETCATALOG_COMPILER_GLOBAL_ACCENT_COLOR_NAME = AccentColor;
				CODE_SIGN_STYLE = Automatic;
				CURRENT_PROJECT_VERSION = 1;
				DEVELOPMENT_TEAM = V2258T793G;
				GENERATE_INFOPLIST_FILE = YES;
				INFOPLIST_FILE = 12UI/Info.plist;
				INFOPLIST_KEY_UIApplicationSupportsIndirectInputEvents = YES;
				INFOPLIST_KEY_UILaunchStoryboardName = LaunchScreen;
				INFOPLIST_KEY_UIMainStoryboardFile = Main;
				INFOPLIST_KEY_UISupportedInterfaceOrientations_iPad = "UIInterfaceOrientationPortrait UIInterfaceOrientationPortraitUpsideDown UIInterfaceOrientationLandscapeLeft UIInterfaceOrientationLandscapeRight";
				INFOPLIST_KEY_UISupportedInterfaceOrientations_iPhone = "UIInterfaceOrientationPortrait UIInterfaceOrientationLandscapeLeft UIInterfaceOrientationLandscapeRight";
				LD_RUNPATH_SEARCH_PATHS = (
					"$(inherited)",
					"@executable_path/Frameworks",
				);
				MARKETING_VERSION = 1.0;
				PRODUCT_BUNDLE_IDENTIFIER = "ua.bmtechua.-2UI";
				PRODUCT_NAME = "$(TARGET_NAME)";
				SWIFT_EMIT_LOC_STRINGS = YES;
				SWIFT_VERSION = 5.0;
				TARGETED_DEVICE_FAMILY = "1,2";
			};
			name = Release;
		};
/* End XCBuildConfiguration section */

/* Begin XCConfigurationList section */
		E0E421E727A967D6008EAE0C /* Build configuration list for PBXProject "12UI" */ = {
			isa = XCConfigurationList;
			buildConfigurations = (
				E0E421FE27A967DB008EAE0C /* Debug */,
				E0E421FF27A967DB008EAE0C /* Release */,
			);
			defaultConfigurationIsVisible = 0;
			defaultConfigurationName = Release;
		};
		E0E4220027A967DB008EAE0C /* Build configuration list for PBXNativeTarget "12UI" */ = {
			isa = XCConfigurationList;
			buildConfigurations = (
				E0E4220127A967DB008EAE0C /* Debug */,
				E0E4220227A967DB008EAE0C /* Release */,
			);
			defaultConfigurationIsVisible = 0;
			defaultConfigurationName = Release;
		};
/* End XCConfigurationList section */
	};
	rootObject = E0E421E427A967D6008EAE0C /* Project object */;
}
